
Microsoft Visual Studio Solution File, Format Version 12.00
# Visual Studio Version 16
VisualStudioVersion = 16.0.30907.101
MinimumVisualStudioVersion = 10.0.40219.1
Project("{FAE04EC0-301F-11D3-BF4B-00C04F79EFBC}") = "NorthDataAccessLayer", "NorthDataAccessLayer\NorthDataAccessLayer.csproj", "{FBD7E49F-1074-47E7-A954-1CB190018B82}"
EndProject
Project("{FAE04EC0-301F-11D3-BF4B-00C04F79EFBC}") = "DALNorthWind", "DALNorthWind\DALNorthWind.csproj", "{BA1872D5-0155-487B-A29F-B16E62DEF373}"
EndProject
Global
	GlobalSection(SolutionConfigurationPlatforms) = preSolution
		Debug|Any CPU = Debug|Any CPU
		Release|Any CPU = Release|Any CPU
	EndGlobalSection
	GlobalSection(ProjectConfigurationPlatforms) = postSolution
		{FBD7E49F-1074-47E7-A954-1CB190018B82}.Debug|Any CPU.ActiveCfg = Debug|Any CPU
		{FBD7E49F-1074-47E7-A954-1CB190018B82}.Debug|Any CPU.Build.0 = Debug|Any CPU
		{FBD7E49F-1074-47E7-A954-1CB190018B82}.Release|Any CPU.ActiveCfg = Release|Any CPU
		{FBD7E49F-1074-47E7-A954-1CB190018B82}.Release|Any CPU.Build.0 = Release|Any CPU
		{BA1872D5-0155-487B-A29F-B16E62DEF373}.Debug|Any CPU.ActiveCfg = Debug|Any CPU
		{BA1872D5-0155-487B-A29F-B16E62DEF373}.Debug|Any CPU.Build.0 = Debug|Any CPU
		{BA1872D5-0155-487B-A29F-B16E62DEF373}.Release|Any CPU.ActiveCfg = Release|Any CPU
		{BA1872D5-0155-487B-A29F-B16E62DEF373}.Release|Any CPU.Build.0 = Release|Any CPU
	EndGlobalSection
	GlobalSection(SolutionProperties) = preSolution
		HideSolutionNode = FALSE
	EndGlobalSection
	GlobalSection(ExtensibilityGlobals) = postSolution
		SolutionGuid = {DD7D4D0F-F4A8-472E-ACCA-960B0EEB452E}
	EndGlobalSection
EndGlobal
